// !$*UTF8*$!
{
	archiveVersion = 1;
	classes = {
	};
	objectVersion = 46;
	objects = {

/* Begin PBXBuildFile section */
		CBAD71871BEF4D5000CD94F7 /* AppDelegate.swift in Sources */ = {isa = PBXBuildFile; fileRef = CBAD71861BEF4D5000CD94F7 /* AppDelegate.swift */; };
		CBAD71891BEF4D5000CD94F7 /* ViewController.swift in Sources */ = {isa = PBXBuildFile; fileRef = CBAD71881BEF4D5000CD94F7 /* ViewController.swift */; };
		CBAD718C1BEF4D5000CD94F7 /* Main.storyboard in Resources */ = {isa = PBXBuildFile; fileRef = CBAD718A1BEF4D5000CD94F7 /* Main.storyboard */; };
		CBAD718E1BEF4D5000CD94F7 /* Assets.xcassets in Resources */ = {isa = PBXBuildFile; fileRef = CBAD718D1BEF4D5000CD94F7 /* Assets.xcassets */; };
		CBAD71911BEF4D5000CD94F7 /* LaunchScreen.storyboard in Resources */ = {isa = PBXBuildFile; fileRef = CBAD718F1BEF4D5000CD94F7 /* LaunchScreen.storyboard */; };
		CBAD719C1BEF4D5000CD94F7 /* tipsTests.swift in Sources */ = {isa = PBXBuildFile; fileRef = CBAD719B1BEF4D5000CD94F7 /* tipsTests.swift */; };
		CBAD71A71BEF4D5000CD94F7 /* tipsUITests.swift in Sources */ = {isa = PBXBuildFile; fileRef = CBAD71A61BEF4D5000CD94F7 /* tipsUITests.swift */; };
/* End PBXBuildFile section */

/* Begin PBXContainerItemProxy section */
		CBAD71981BEF4D5000CD94F7 /* PBXContainerItemProxy */ = {
			isa = PBXContainerItemProxy;
			containerPortal = CBAD717B1BEF4D5000CD94F7 /* Project object */;
			proxyType = 1;
			remoteGlobalIDString = CBAD71821BEF4D5000CD94F7;
			remoteInfo = tips;
		};
		CBAD71A31BEF4D5000CD94F7 /* PBXContainerItemProxy */ = {
			isa = PBXContainerItemProxy;
			containerPortal = CBAD717B1BEF4D5000CD94F7 /* Project object */;
			proxyType = 1;
			remoteGlobalIDString = CBAD71821BEF4D5000CD94F7;
			remoteInfo = tips;
		};
/* End PBXContainerItemProxy section */

/* Begin PBXFileReference section */
		CBAD71831BEF4D5000CD94F7 /* tips.app */ = {isa = PBXFileReference; explicitFileType = wrapper.application; includeInIndex = 0; path = tips.app; sourceTree = BUILT_PRODUCTS_DIR; };
		CBAD71861BEF4D5000CD94F7 /* AppDelegate.swift */ = {isa = PBXFileReference; lastKnownFileType = sourcecode.swift; path = AppDelegate.swift; sourceTree = "<group>"; };
		CBAD71881BEF4D5000CD94F7 /* ViewController.swift */ = {isa = PBXFileReference; lastKnownFileType = sourcecode.swift; path = ViewController.swift; sourceTree = "<group>"; };
		CBAD718B1BEF4D5000CD94F7 /* Base */ = {isa = PBXFileReference; lastKnownFileType = file.storyboard; name = Base; path = Base.lproj/Main.storyboard; sourceTree = "<group>"; };
		CBAD718D1BEF4D5000CD94F7 /* Assets.xcassets */ = {isa = PBXFileReference; lastKnownFileType = folder.assetcatalog; path = Assets.xcassets; sourceTree = "<group>"; };
		CBAD71901BEF4D5000CD94F7 /* Base */ = {isa = PBXFileReference; lastKnownFileType = file.storyboard; name = Base; path = Base.lproj/LaunchScreen.storyboard; sourceTree = "<group>"; };
		CBAD71921BEF4D5000CD94F7 /* Info.plist */ = {isa = PBXFileReference; lastKnownFileType = text.plist.xml; path = Info.plist; sourceTree = "<group>"; };
		CBAD71971BEF4D5000CD94F7 /* tipsTests.xctest */ = {isa = PBXFileReference; explicitFileType = wrapper.cfbundle; includeInIndex = 0; path = tipsTests.xctest; sourceTree = BUILT_PRODUCTS_DIR; };
		CBAD719B1BEF4D5000CD94F7 /* tipsTests.swift */ = {isa = PBXFileReference; lastKnownFileType = sourcecode.swift; path = tipsTests.swift; sourceTree = "<group>"; };
		CBAD719D1BEF4D5000CD94F7 /* Info.plist */ = {isa = PBXFileReference; lastKnownFileType = text.plist.xml; path = Info.plist; sourceTree = "<group>"; };
		CBAD71A21BEF4D5000CD94F7 /* tipsUITests.xctest */ = {isa = PBXFileReference; explicitFileType = wrapper.cfbundle; includeInIndex = 0; path = tipsUITests.xctest; sourceTree = BUILT_PRODUCTS_DIR; };
		CBAD71A61BEF4D5000CD94F7 /* tipsUITests.swift */ = {isa = PBXFileReference; lastKnownFileType = sourcecode.swift; path = tipsUITests.swift; sourceTree = "<group>"; };
		CBAD71A81BEF4D5000CD94F7 /* Info.plist */ = {isa = PBXFileReference; lastKnownFileType = text.plist.xml; path = Info.plist; sourceTree = "<group>"; };
/* End PBXFileReference section */

/* Begin PBXFrameworksBuildPhase section */
		CBAD71801BEF4D5000CD94F7 /* Frameworks */ = {
			isa = PBXFrameworksBuildPhase;
			buildActionMask = 2147483647;
			files = (
			);
			runOnlyForDeploymentPostprocessing = 0;
		};
		CBAD71941BEF4D5000CD94F7 /* Frameworks */ = {
			isa = PBXFrameworksBuildPhase;
			buildActionMask = 2147483647;
			files = (
			);
			runOnlyForDeploymentPostprocessing = 0;
		};
		CBAD719F1BEF4D5000CD94F7 /* Frameworks */ = {
			isa = PBXFrameworksBuildPhase;
			buildActionMask = 2147483647;
			files = (
			);
			runOnlyForDeploymentPostprocessing = 0;
		};
/* End PBXFrameworksBuildPhase section */

/* Begin PBXGroup section */
		CBAD717A1BEF4D5000CD94F7 = {
			isa = PBXGroup;
			children = (
				CBAD71851BEF4D5000CD94F7 /* tips */,
				CBAD719A1BEF4D5000CD94F7 /* tipsTests */,
				CBAD71A51BEF4D5000CD94F7 /* tipsUITests */,
				CBAD71841BEF4D5000CD94F7 /* Products */,
			);
			sourceTree = "<group>";
		};
		CBAD71841BEF4D5000CD94F7 /* Products */ = {
			isa = PBXGroup;
			children = (
				CBAD71831BEF4D5000CD94F7 /* tips.app */,
				CBAD71971BEF4D5000CD94F7 /* tipsTests.xctest */,
				CBAD71A21BEF4D5000CD94F7 /* tipsUITests.xctest */,
			);
			name = Products;
			sourceTree = "<group>";
		};
		CBAD71851BEF4D5000CD94F7 /* tips */ = {
			isa = PBXGroup;
			children = (
				CBAD71861BEF4D5000CD94F7 /* AppDelegate.swift */,
				CBAD71881BEF4D5000CD94F7 /* ViewController.swift */,
				CBAD718A1BEF4D5000CD94F7 /* Main.storyboard */,
				CBAD718D1BEF4D5000CD94F7 /* Assets.xcassets */,
				CBAD718F1BEF4D5000CD94F7 /* LaunchScreen.storyboard */,
				CBAD71921BEF4D5000CD94F7 /* Info.plist */,
			);
			path = tips;
			sourceTree = "<group>";
		};
		CBAD719A1BEF4D5000CD94F7 /* tipsTests */ = {
			isa = PBXGroup;
			children = (
				CBAD719B1BEF4D5000CD94F7 /* tipsTests.swift */,
				CBAD719D1BEF4D5000CD94F7 /* Info.plist */,
			);
			path = tipsTests;
			sourceTree = "<group>";
		};
		CBAD71A51BEF4D5000CD94F7 /* tipsUITests */ = {
			isa = PBXGroup;
			children = (
				CBAD71A61BEF4D5000CD94F7 /* tipsUITests.swift */,
				CBAD71A81BEF4D5000CD94F7 /* Info.plist */,
			);
			path = tipsUITests;
			sourceTree = "<group>";
		};
/* End PBXGroup section */

/* Begin PBXNativeTarget section */
		CBAD71821BEF4D5000CD94F7 /* tips */ = {
			isa = PBXNativeTarget;
			buildConfigurationList = CBAD71AB1BEF4D5000CD94F7 /* Build configuration list for PBXNativeTarget "tips" */;
			buildPhases = (
				CBAD717F1BEF4D5000CD94F7 /* Sources */,
				CBAD71801BEF4D5000CD94F7 /* Frameworks */,
				CBAD71811BEF4D5000CD94F7 /* Resources */,
			);
			buildRules = (
			);
			dependencies = (
			);
			name = tips;
			productName = tips;
			productReference = CBAD71831BEF4D5000CD94F7 /* tips.app */;
			productType = "com.apple.product-type.application";
		};
		CBAD71961BEF4D5000CD94F7 /* tipsTests */ = {
			isa = PBXNativeTarget;
			buildConfigurationList = CBAD71AE1BEF4D5000CD94F7 /* Build configuration list for PBXNativeTarget "tipsTests" */;
			buildPhases = (
				CBAD71931BEF4D5000CD94F7 /* Sources */,
				CBAD71941BEF4D5000CD94F7 /* Frameworks */,
				CBAD71951BEF4D5000CD94F7 /* Resources */,
			);
			buildRules = (
			);
			dependencies = (
				CBAD71991BEF4D5000CD94F7 /* PBXTargetDependency */,
			);
			name = tipsTests;
			productName = tipsTests;
			productReference = CBAD71971BEF4D5000CD94F7 /* tipsTests.xctest */;
			productType = "com.apple.product-type.bundle.unit-test";
		};
		CBAD71A11BEF4D5000CD94F7 /* tipsUITests */ = {
			isa = PBXNativeTarget;
			buildConfigurationList = CBAD71B11BEF4D5000CD94F7 /* Build configuration list for PBXNativeTarget "tipsUITests" */;
			buildPhases = (
				CBAD719E1BEF4D5000CD94F7 /* Sources */,
				CBAD719F1BEF4D5000CD94F7 /* Frameworks */,
				CBAD71A01BEF4D5000CD94F7 /* Resources */,
			);
			buildRules = (
			);
			dependencies = (
				CBAD71A41BEF4D5000CD94F7 /* PBXTargetDependency */,
			);
			name = tipsUITests;
			productName = tipsUITests;
			productReference = CBAD71A21BEF4D5000CD94F7 /* tipsUITests.xctest */;
			productType = "com.apple.product-type.bundle.ui-testing";
		};
/* End PBXNativeTarget section */

/* Begin PBXProject section */
		CBAD717B1BEF4D5000CD94F7 /* Project object */ = {
			isa = PBXProject;
			attributes = {
				LastSwiftUpdateCheck = 0710;
				LastUpgradeCheck = 0710;
				ORGANIZATIONNAME = "HV Fenrir";
				TargetAttributes = {
					CBAD71821BEF4D5000CD94F7 = {
						CreatedOnToolsVersion = 7.1;
					};
					CBAD71961BEF4D5000CD94F7 = {
						CreatedOnToolsVersion = 7.1;
						TestTargetID = CBAD71821BEF4D5000CD94F7;
					};
					CBAD71A11BEF4D5000CD94F7 = {
						CreatedOnToolsVersion = 7.1;
						TestTargetID = CBAD71821BEF4D5000CD94F7;
					};
				};
			};
			buildConfigurationList = CBAD717E1BEF4D5000CD94F7 /* Build configuration list for PBXProject "tips" */;
			compatibilityVersion = "Xcode 3.2";
			developmentRegion = English;
			hasScannedForEncodings = 0;
			knownRegions = (
				en,
				Base,
			);
			mainGroup = CBAD717A1BEF4D5000CD94F7;
			productRefGroup = CBAD71841BEF4D5000CD94F7 /* Products */;
			projectDirPath = "";
			projectRoot = "";
			targets = (
				CBAD71821BEF4D5000CD94F7 /* tips */,
				CBAD71961BEF4D5000CD94F7 /* tipsTests */,
				CBAD71A11BEF4D5000CD94F7 /* tipsUITests */,
			);
		};
/* End PBXProject section */

/* Begin PBXResourcesBuildPhase section */
		CBAD71811BEF4D5000CD94F7 /* Resources */ = {
			isa = PBXResourcesBuildPhase;
			buildActionMask = 2147483647;
			files = (
				CBAD71911BEF4D5000CD94F7 /* LaunchScreen.storyboard in Resources */,
				CBAD718E1BEF4D5000CD94F7 /* Assets.xcassets in Resources */,
				CBAD718C1BEF4D5000CD94F7 /* Main.storyboard in Resources */,
			);
			runOnlyForDeploymentPostprocessing = 0;
		};
		CBAD71951BEF4D5000CD94F7 /* Resources */ = {
			isa = PBXResourcesBuildPhase;
			buildActionMask = 2147483647;
			files = (
			);
			runOnlyForDeploymentPostprocessing = 0;
		};
		CBAD71A01BEF4D5000CD94F7 /* Resources */ = {
			isa = PBXResourcesBuildPhase;
			buildActionMask = 2147483647;
			files = (
			);
			runOnlyForDeploymentPostprocessing = 0;
		};
/* End PBXResourcesBuildPhase section */

/* Begin PBXSourcesBuildPhase section */
		CBAD717F1BEF4D5000CD94F7 /* Sources */ = {
			isa = PBXSourcesBuildPhase;
			buildActionMask = 2147483647;
			files = (
				CBAD71891BEF4D5000CD94F7 /* ViewController.swift in Sources */,
				CBAD71871BEF4D5000CD94F7 /* AppDelegate.swift in Sources */,
			);
			runOnlyForDeploymentPostprocessing = 0;
		};
		CBAD71931BEF4D5000CD94F7 /* Sources */ = {
			isa = PBXSourcesBuildPhase;
			buildActionMask = 2147483647;
			files = (
				CBAD719C1BEF4D5000CD94F7 /* tipsTests.swift in Sources */,
			);
			runOnlyForDeploymentPostprocessing = 0;
		};
		CBAD719E1BEF4D5000CD94F7 /* Sources */ = {
			isa = PBXSourcesBuildPhase;
			buildActionMask = 2147483647;
			files = (
				CBAD71A71BEF4D5000CD94F7 /* tipsUITests.swift in Sources */,
			);
			runOnlyForDeploymentPostprocessing = 0;
		};
/* End PBXSourcesBuildPhase section */

/* Begin PBXTargetDependency section */
		CBAD71991BEF4D5000CD94F7 /* PBXTargetDependency */ = {
			isa = PBXTargetDependency;
			target = CBAD71821BEF4D5000CD94F7 /* tips */;
			targetProxy = CBAD71981BEF4D5000CD94F7 /* PBXContainerItemProxy */;
		};
		CBAD71A41BEF4D5000CD94F7 /* PBXTargetDependency */ = {
			isa = PBXTargetDependency;
			target = CBAD71821BEF4D5000CD94F7 /* tips */;
			targetProxy = CBAD71A31BEF4D5000CD94F7 /* PBXContainerItemProxy */;
		};
/* End PBXTargetDependency section */

/* Begin PBXVariantGroup section */
		CBAD718A1BEF4D5000CD94F7 /* Main.storyboard */ = {
			isa = PBXVariantGroup;
			children = (
				CBAD718B1BEF4D5000CD94F7 /* Base */,
			);
			name = Main.storyboard;
			sourceTree = "<group>";
		};
		CBAD718F1BEF4D5000CD94F7 /* LaunchScreen.storyboard */ = {
			isa = PBXVariantGroup;
			children = (
				CBAD71901BEF4D5000CD94F7 /* Base */,
			);
			name = LaunchScreen.storyboard;
			sourceTree = "<group>";
		};
/* End PBXVariantGroup section */

/* Begin XCBuildConfiguration section */
		CBAD71A91BEF4D5000CD94F7 /* Debug */ = {
			isa = XCBuildConfiguration;
			buildSettings = {
				ALWAYS_SEARCH_USER_PATHS = NO;
				CLANG_CXX_LANGUAGE_STANDARD = "gnu++0x";
				CLANG_CXX_LIBRARY = "libc++";
				CLANG_ENABLE_MODULES = YES;
				CLANG_ENABLE_OBJC_ARC = YES;
				CLANG_WARN_BOOL_CONVERSION = YES;
				CLANG_WARN_CONSTANT_CONVERSION = YES;
				CLANG_WARN_DIRECT_OBJC_ISA_USAGE = YES_ERROR;
				CLANG_WARN_EMPTY_BODY = YES;
				CLANG_WARN_ENUM_CONVERSION = YES;
				CLANG_WARN_INT_CONVERSION = YES;
				CLANG_WARN_OBJC_ROOT_CLASS = YES_ERROR;
				CLANG_WARN_UNREACHABLE_CODE = YES;
				CLANG_WARN__DUPLICATE_METHOD_MATCH = YES;
				"CODE_SIGN_IDENTITY[sdk=iphoneos*]" = "iPhone Developer";
				COPY_PHASE_STRIP = NO;
				DEBUG_INFORMATION_FORMAT = dwarf;
				ENABLE_STRICT_OBJC_MSGSEND = YES;
				ENABLE_TESTABILITY = YES;
				GCC_C_LANGUAGE_STANDARD = gnu99;
				GCC_DYNAMIC_NO_PIC = NO;
				GCC_NO_COMMON_BLOCKS = YES;
				GCC_OPTIMIZATION_LEVEL = 0;
				GCC_PREPROCESSOR_DEFINITIONS = (
					"DEBUG=1",
					"$(inherited)",
				);
				GCC_WARN_64_TO_32_BIT_CONVERSION = YES;
				GCC_WARN_ABOUT_RETURN_TYPE = YES_ERROR;
				GCC_WARN_UNDECLARED_SELECTOR = YES;
				GCC_WARN_UNINITIALIZED_AUTOS = YES_AGGRESSIVE;
				GCC_WARN_UNUSED_FUNCTION = YES;
				GCC_WARN_UNUSED_VARIABLE = YES;
				IPHONEOS_DEPLOYMENT_TARGET = 9.1;
				MTL_ENABLE_DEBUG_INFO = YES;
				ONLY_ACTIVE_ARCH = YES;
				SDKROOT = iphoneos;
				SWIFT_OPTIMIZATION_LEVEL = "-Onone";
			};
			name = Debug;
		};
		CBAD71AA1BEF4D5000CD94F7 /* Release */ = {
			isa = XCBuildConfiguration;
			buildSettings = {
				ALWAYS_SEARCH_USER_PATHS = NO;
				CLANG_CXX_LANGUAGE_STANDARD = "gnu++0x";
				CLANG_CXX_LIBRARY = "libc++";
				CLANG_ENABLE_MODULES = YES;
				CLANG_ENABLE_OBJC_ARC = YES;
				CLANG_WARN_BOOL_CONVERSION = YES;
				CLANG_WARN_CONSTANT_CONVERSION = YES;
				CLANG_WARN_DIRECT_OBJC_ISA_USAGE = YES_ERROR;
				CLANG_WARN_EMPTY_BODY = YES;
				CLANG_WARN_ENUM_CONVERSION = YES;
				CLANG_WARN_INT_CONVERSION = YES;
				CLANG_WARN_OBJC_ROOT_CLASS = YES_ERROR;
				CLANG_WARN_UNREACHABLE_CODE = YES;
				CLANG_WARN__DUPLICATE_METHOD_MATCH = YES;
				"CODE_SIGN_IDENTITY[sdk=iphoneos*]" = "iPhone Developer";
				COPY_PHASE_STRIP = NO;
				DEBUG_INFORMATION_FORMAT = "dwarf-with-dsym";
				ENABLE_NS_ASSERTIONS = NO;
				ENABLE_STRICT_OBJC_MSGSEND = YES;
				GCC_C_LANGUAGE_STANDARD = gnu99;
				GCC_NO_COMMON_BLOCKS = YES;
				GCC_WARN_64_TO_32_BIT_CONVERSION = YES;
				GCC_WARN_ABOUT_RETURN_TYPE = YES_ERROR;
				GCC_WARN_UNDECLARED_SELECTOR = YES;
				GCC_WARN_UNINITIALIZED_AUTOS = YES_AGGRESSIVE;
				GCC_WARN_UNUSED_FUNCTION = YES;
				GCC_WARN_UNUSED_VARIABLE = YES;
				IPHONEOS_DEPLOYMENT_TARGET = 9.1;
				MTL_ENABLE_DEBUG_INFO = NO;
				SDKROOT = iphoneos;
				VALIDATE_PRODUCT = YES;
			};
			name = Release;
		};
		CBAD71AC1BEF4D5000CD94F7 /* Debug */ = {
			isa = XCBuildConfiguration;
			buildSettings = {
				ASSETCATALOG_COMPILER_APPICON_NAME = AppIcon;
				INFOPLIST_FILE = tips/Info.plist;
				IPHONEOS_DEPLOYMENT_TARGET = 7.0;
				LD_RUNPATH_SEARCH_PATHS = "$(inherited) @executable_path/Frameworks";
				PRODUCT_BUNDLE_IDENTIFIER = hvfenrir.tips;
				PRODUCT_NAME = "$(TARGET_NAME)";
			};
			name = Debug;
		};
		CBAD71AD1BEF4D5000CD94F7 /* Release */ = {
			isa = XCBuildConfiguration;
			buildSettings = {
				ASSETCATALOG_COMPILER_APPICON_NAME = AppIcon;
				INFOPLIST_FILE = tips/Info.plist;
				IPHONEOS_DEPLOYMENT_TARGET = 7.0;
				LD_RUNPATH_SEARCH_PATHS = "$(inherited) @executable_path/Frameworks";
				PRODUCT_BUNDLE_IDENTIFIER = hvfenrir.tips;
				PRODUCT_NAME = "$(TARGET_NAME)";
			};
			name = Release;
		};
		CBAD71AF1BEF4D5000CD94F7 /* Debug */ = {
			isa = XCBuildConfiguration;
			buildSettings = {
				BUNDLE_LOADER = "$(TEST_HOST)";
				INFOPLIST_FILE = tipsTests/Info.plist;
				LD_RUNPATH_SEARCH_PATHS = "$(inherited) @executable_path/Frameworks @loader_path/Frameworks";
				PRODUCT_BUNDLE_IDENTIFIER = hvfenrir.tipsTests;
				PRODUCT_NAME = "$(TARGET_NAME)";
				TEST_HOST = "$(BUILT_PRODUCTS_DIR)/tips.app/tips";
			};
			name = Debug;
		};
		CBAD71B01BEF4D5000CD94F7 /* Release */ = {
			isa = XCBuildConfiguration;
			buildSettings = {
				BUNDLE_LOADER = "$(TEST_HOST)";
				INFOPLIST_FILE = tipsTests/Info.plist;
				LD_RUNPATH_SEARCH_PATHS = "$(inherited) @executable_path/Frameworks @loader_path/Frameworks";
				PRODUCT_BUNDLE_IDENTIFIER = hvfenrir.tipsTests;
				PRODUCT_NAME = "$(TARGET_NAME)";
				TEST_HOST = "$(BUILT_PRODUCTS_DIR)/tips.app/tips";
			};
			name = Release;
		};
		CBAD71B21BEF4D5000CD94F7 /* Debug */ = {
			isa = XCBuildConfiguration;
			buildSettings = {
				INFOPLIST_FILE = tipsUITests/Info.plist;
				LD_RUNPATH_SEARCH_PATHS = "$(inherited) @executable_path/Frameworks @loader_path/Frameworks";
				PRODUCT_BUNDLE_IDENTIFIER = hvfenrir.tipsUITests;
				PRODUCT_NAME = "$(TARGET_NAME)";
				TEST_TARGET_NAME = tips;
				USES_XCTRUNNER = YES;
			};
			name = Debug;
		};
		CBAD71B31BEF4D5000CD94F7 /* Release */ = {
			isa = XCBuildConfiguration;
			buildSettings = {
				INFOPLIST_FILE = tipsUITests/Info.plist;
				LD_RUNPATH_SEARCH_PATHS = "$(inherited) @executable_path/Frameworks @loader_path/Frameworks";
				PRODUCT_BUNDLE_IDENTIFIER = hvfenrir.tipsUITests;
				PRODUCT_NAME = "$(TARGET_NAME)";
				TEST_TARGET_NAME = tips;
				USES_XCTRUNNER = YES;
			};
			name = Release;
		};
/* End XCBuildConfiguration section */

/* Begin XCConfigurationList section */
		CBAD717E1BEF4D5000CD94F7 /* Build configuration list for PBXProject "tips" */ = {
			isa = XCConfigurationList;
			buildConfigurations = (
				CBAD71A91BEF4D5000CD94F7 /* Debug */,
				CBAD71AA1BEF4D5000CD94F7 /* Release */,
			);
			defaultConfigurationIsVisible = 0;
			defaultConfigurationName = Release;
		};
		CBAD71AB1BEF4D5000CD94F7 /* Build configuration list for PBXNativeTarget "tips" */ = {
			isa = XCConfigurationList;
			buildConfigurations = (
				CBAD71AC1BEF4D5000CD94F7 /* Debug */,
				CBAD71AD1BEF4D5000CD94F7 /* Release */,
			);
			defaultConfigurationIsVisible = 0;
		};
		CBAD71AE1BEF4D5000CD94F7 /* Build configuration list for PBXNativeTarget "tipsTests" */ = {
			isa = XCConfigurationList;
			buildConfigurations = (
				CBAD71AF1BEF4D5000CD94F7 /* Debug */,
				CBAD71B01BEF4D5000CD94F7 /* Release */,
			);
			defaultConfigurationIsVisible = 0;
		};
		CBAD71B11BEF4D5000CD94F7 /* Build configuration list for PBXNativeTarget "tipsUITests" */ = {
			isa = XCConfigurationList;
			buildConfigurations = (
				CBAD71B21BEF4D5000CD94F7 /* Debug */,
				CBAD71B31BEF4D5000CD94F7 /* Release */,
			);
			defaultConfigurationIsVisible = 0;
		};
/* End XCConfigurationList section */
	};
	rootObject = CBAD717B1BEF4D5000CD94F7 /* Project object */;
}
